
Microsoft Visual Studio Solution File, Format Version 12.00
# Visual Studio Version 17
VisualStudioVersion = 17.9.34728.123
MinimumVisualStudioVersion = 10.0.40219.1
Project("{FAE04EC0-301F-11D3-BF4B-00C04F79EFBC}") = "BlazorAppInteractiveServer", "BlazorAppInteractiveServer.csproj", "{D4E82D22-5992-4836-AA06-ABF7E5892705}"
EndProject
Global
	GlobalSection(SolutionConfigurationPlatforms) = preSolution
		Debug|Any CPU = Debug|Any CPU
		Release|Any CPU = Release|Any CPU
	EndGlobalSection
	GlobalSection(ProjectConfigurationPlatforms) = postSolution
		{D4E82D22-5992-4836-AA06-ABF7E5892705}.Debug|Any CPU.ActiveCfg = Debug|Any CPU
		{D4E82D22-5992-4836-AA06-ABF7E5892705}.Debug|Any CPU.Build.0 = Debug|Any CPU
		{D4E82D22-5992-4836-AA06-ABF7E5892705}.Release|Any CPU.ActiveCfg = Release|Any CPU
		{D4E82D22-5992-4836-AA06-ABF7E5892705}.Release|Any CPU.Build.0 = Release|Any CPU
	EndGlobalSection
	GlobalSection(SolutionProperties) = preSolution
		HideSolutionNode = FALSE
	EndGlobalSection
	GlobalSection(ExtensibilityGlobals) = postSolution
		SolutionGuid = {A8E43F5F-6E69-4933-B60A-066CE9EAD8A0}
	EndGlobalSection
EndGlobal
